
Microsoft Visual Studio Solution File, Format Version 12.00
# Visual Studio Version 16
VisualStudioVersion = 16.0.30907.101
MinimumVisualStudioVersion = 10.0.40219.1
Project("{8BC9CEB8-8B4A-11D0-8D11-00A0C91BC942}") = "Temperaturas extremas", "Temperaturas extremas\Temperaturas extremas.vcxproj", "{513C2B33-5E07-4FD0-B82E-901862E0B322}"
EndProject
Global
	GlobalSection(SolutionConfigurationPlatforms) = preSolution
		Debug|x64 = Debug|x64
		Debug|x86 = Debug|x86
		Release|x64 = Release|x64
		Release|x86 = Release|x86
	EndGlobalSection
	GlobalSection(ProjectConfigurationPlatforms) = postSolution
		{513C2B33-5E07-4FD0-B82E-901862E0B322}.Debug|x64.ActiveCfg = Debug|x64
		{513C2B33-5E07-4FD0-B82E-901862E0B322}.Debug|x64.Build.0 = Debug|x64
		{513C2B33-5E07-4FD0-B82E-901862E0B322}.Debug|x86.ActiveCfg = Debug|Win32
		{513C2B33-5E07-4FD0-B82E-901862E0B322}.Debug|x86.Build.0 = Debug|Win32
		{513C2B33-5E07-4FD0-B82E-901862E0B322}.Release|x64.ActiveCfg = Release|x64
		{513C2B33-5E07-4FD0-B82E-901862E0B322}.Release|x64.Build.0 = Release|x64
		{513C2B33-5E07-4FD0-B82E-901862E0B322}.Release|x86.ActiveCfg = Release|Win32
		{513C2B33-5E07-4FD0-B82E-901862E0B322}.Release|x86.Build.0 = Release|Win32
	EndGlobalSection
	GlobalSection(SolutionProperties) = preSolution
		HideSolutionNode = FALSE
	EndGlobalSection
	GlobalSection(ExtensibilityGlobals) = postSolution
		SolutionGuid = {D7FC09D9-C932-4D4F-A8C3-698262BAD6C9}
	EndGlobalSection
EndGlobal
