
Microsoft Visual Studio Solution File, Format Version 12.00
# Visual Studio Version 16
VisualStudioVersion = 16.0.30907.101
MinimumVisualStudioVersion = 10.0.40219.1
Project("{8BC9CEB8-8B4A-11D0-8D11-00A0C91BC942}") = "Rescate aereo", "Rescate aereo\Rescate aereo.vcxproj", "{3A8C9EBC-14B6-4F1C-B392-F3774112ACA1}"
EndProject
Global
	GlobalSection(SolutionConfigurationPlatforms) = preSolution
		Debug|x64 = Debug|x64
		Debug|x86 = Debug|x86
		Release|x64 = Release|x64
		Release|x86 = Release|x86
	EndGlobalSection
	GlobalSection(ProjectConfigurationPlatforms) = postSolution
		{3A8C9EBC-14B6-4F1C-B392-F3774112ACA1}.Debug|x64.ActiveCfg = Debug|x64
		{3A8C9EBC-14B6-4F1C-B392-F3774112ACA1}.Debug|x64.Build.0 = Debug|x64
		{3A8C9EBC-14B6-4F1C-B392-F3774112ACA1}.Debug|x86.ActiveCfg = Debug|Win32
		{3A8C9EBC-14B6-4F1C-B392-F3774112ACA1}.Debug|x86.Build.0 = Debug|Win32
		{3A8C9EBC-14B6-4F1C-B392-F3774112ACA1}.Release|x64.ActiveCfg = Release|x64
		{3A8C9EBC-14B6-4F1C-B392-F3774112ACA1}.Release|x64.Build.0 = Release|x64
		{3A8C9EBC-14B6-4F1C-B392-F3774112ACA1}.Release|x86.ActiveCfg = Release|Win32
		{3A8C9EBC-14B6-4F1C-B392-F3774112ACA1}.Release|x86.Build.0 = Release|Win32
	EndGlobalSection
	GlobalSection(SolutionProperties) = preSolution
		HideSolutionNode = FALSE
	EndGlobalSection
	GlobalSection(ExtensibilityGlobals) = postSolution
		SolutionGuid = {DDB4E825-78E7-40DC-952C-D581C09208D0}
	EndGlobalSection
EndGlobal
